// !$*UTF8*$!
{
	archiveVersion = 1;
	classes = {
	};
	objectVersion = 46;
	objects = {

/* Begin PBXBuildFile section */
		3D084DD71B56CCA30032A94B /* ChatViewController.swift in Sources */ = {isa = PBXBuildFile; fileRef = 7BED36661B54BCC00045FDB5 /* ChatViewController.swift */; };
		3D31FD311B61FE1300C17F0F /* UserDAODefault.swift in Sources */ = {isa = PBXBuildFile; fileRef = 3D31FD301B61FE1300C17F0F /* UserDAODefault.swift */; };
		3D3359E71B61A79D00F22D88 /* AmigosTableViewController.swift in Sources */ = {isa = PBXBuildFile; fileRef = 3D3359E61B61A79D00F22D88 /* AmigosTableViewController.swift */; };
		3D3359E91B61B73400F22D88 /* CustomCellAmigosGrupo.swift in Sources */ = {isa = PBXBuildFile; fileRef = 3D3359E81B61B73400F22D88 /* CustomCellAmigosGrupo.swift */; };
		3D50F3771B6700700029C4B9 /* ProgressView.swift in Sources */ = {isa = PBXBuildFile; fileRef = 3D50F3761B6700700029C4B9 /* ProgressView.swift */; };
		3D6A3AC01B57620C00E7948F /* ConversasTableViewController.swift in Sources */ = {isa = PBXBuildFile; fileRef = 3D6A3ABF1B57620C00E7948F /* ConversasTableViewController.swift */; };
		3D6A3AC31B576D6C00E7948F /* Conversa.swift in Sources */ = {isa = PBXBuildFile; fileRef = 3D6A3AC21B576D6C00E7948F /* Conversa.swift */; };
		3D6A3AC51B5771D200E7948F /* CustomCellConversas.swift in Sources */ = {isa = PBXBuildFile; fileRef = 3D6A3AC41B5771D200E7948F /* CustomCellConversas.swift */; };
		3D6A3AC71B5774C400E7948F /* CreateConversationViewController.swift in Sources */ = {isa = PBXBuildFile; fileRef = 3D6A3AC61B5774C400E7948F /* CreateConversationViewController.swift */; };
		3D6FD8DB1B4A3C08008E70E9 /* b_search.png in Resources */ = {isa = PBXBuildFile; fileRef = 3D6FD8DA1B4A3C08008E70E9 /* b_search.png */; };
		3DA699EC1B6946220021FBF1 /* EventInfoViewController.swift in Sources */ = {isa = PBXBuildFile; fileRef = 3DA699EB1B6946220021FBF1 /* EventInfoViewController.swift */; };
		3DA699EE1B69497D0021FBF1 /* UsersTableViewCell.swift in Sources */ = {isa = PBXBuildFile; fileRef = 3DA699ED1B69497D0021FBF1 /* UsersTableViewCell.swift */; };
		3DA699F01B6951FB0021FBF1 /* EventoInfoCellCustom.swift in Sources */ = {isa = PBXBuildFile; fileRef = 3DA699EF1B6951FB0021FBF1 /* EventoInfoCellCustom.swift */; };
		3DACDEAF1B5222E300711E25 /* Event.swift in Sources */ = {isa = PBXBuildFile; fileRef = 3DACDEAE1B5222E300711E25 /* Event.swift */; };
		3DE926A71B5430840053B43C /* ChatViewC.swift in Sources */ = {isa = PBXBuildFile; fileRef = 3DE926A61B5430840053B43C /* ChatViewC.swift */; };
		3DE927EE1B543FF70053B43C /* Firebase.framework in Frameworks */ = {isa = PBXBuildFile; fileRef = 3DE927E91B543FF70053B43C /* Firebase.framework */; };
		3DE9288A1B5443330053B43C /* libsqlite3.0.dylib in Frameworks */ = {isa = PBXBuildFile; fileRef = 3DE928891B5443330053B43C /* libsqlite3.0.dylib */; };
		3DE9288C1B547DAB0053B43C /* EventoViewController.swift in Sources */ = {isa = PBXBuildFile; fileRef = 3DE9288B1B547DAB0053B43C /* EventoViewController.swift */; };
		3DE9288E1B54815B0053B43C /* EventDAO.swift in Sources */ = {isa = PBXBuildFile; fileRef = 3DE9288D1B54815B0053B43C /* EventDAO.swift */; };
		3DE928901B5481F50053B43C /* EventDAOCloudKit.swift in Sources */ = {isa = PBXBuildFile; fileRef = 3DE9288F1B5481F50053B43C /* EventDAOCloudKit.swift */; };
		3DE928941B5599EE0053B43C /* DemoModelData.swift in Sources */ = {isa = PBXBuildFile; fileRef = 3DE928931B5599EE0053B43C /* DemoModelData.swift */; };
		3DE928991B55CA9E0053B43C /* ProfileViewController.swift in Sources */ = {isa = PBXBuildFile; fileRef = 3DE928981B55CA9E0053B43C /* ProfileViewController.swift */; };
		3DE9289B1B55D8540053B43C /* CustomCellProfile.swift in Sources */ = {isa = PBXBuildFile; fileRef = 3DE9289A1B55D8540053B43C /* CustomCellProfile.swift */; };
		3DEE4F5A1B4ED86100645CA1 /* FriendViewController.swift in Sources */ = {isa = PBXBuildFile; fileRef = 3DEE4F591B4ED86100645CA1 /* FriendViewController.swift */; };
		3DFB8A181B4C218700463EA4 /* User.swift in Sources */ = {isa = PBXBuildFile; fileRef = 3DFB8A171B4C218700463EA4 /* User.swift */; };
		3DFB8A1B1B4C223800463EA4 /* UserDAO.swift in Sources */ = {isa = PBXBuildFile; fileRef = 3DFB8A1A1B4C223800463EA4 /* UserDAO.swift */; };
		3DFB8A1D1B4C22DD00463EA4 /* UserDAOCloudKit.swift in Sources */ = {isa = PBXBuildFile; fileRef = 3DFB8A1C1B4C22DD00463EA4 /* UserDAOCloudKit.swift */; };
		3DFB8A1F1B4C381300463EA4 /* LoginViewController.swift in Sources */ = {isa = PBXBuildFile; fileRef = 3DFB8A1E1B4C381300463EA4 /* LoginViewController.swift */; };
		3DFB8A221B4C392500463EA4 /* RegisterViewController.swift in Sources */ = {isa = PBXBuildFile; fileRef = 3DFB8A211B4C392500463EA4 /* RegisterViewController.swift */; };
		3DFB8A271B4C5B0A00463EA4 /* UserManager.swift in Sources */ = {isa = PBXBuildFile; fileRef = 3DFB8A261B4C5B0A00463EA4 /* UserManager.swift */; };
		3DFB8A2E1B4CC4A900463EA4 /* Fabric.framework in Frameworks */ = {isa = PBXBuildFile; fileRef = 3DFB8A2A1B4CC4A900463EA4 /* Fabric.framework */; };
		3DFB8A2F1B4CC4A900463EA4 /* TwitterKit.framework in Frameworks */ = {isa = PBXBuildFile; fileRef = 3DFB8A2B1B4CC4A900463EA4 /* TwitterKit.framework */; };
		3DFB8A301B4CC4A900463EA4 /* TwitterKitResources.bundle in Resources */ = {isa = PBXBuildFile; fileRef = 3DFB8A2C1B4CC4A900463EA4 /* TwitterKitResources.bundle */; };
		3DFB8A311B4CC4A900463EA4 /* TwitterCore.framework in Frameworks */ = {isa = PBXBuildFile; fileRef = 3DFB8A2D1B4CC4A900463EA4 /* TwitterCore.framework */; };
		3DFB8A331B4CD98D00463EA4 /* teste.png in Resources */ = {isa = PBXBuildFile; fileRef = 3DFB8A321B4CD98D00463EA4 /* teste.png */; };
		7B0C72451B548B03009B29A4 /* CustomCellFriend.swift in Sources */ = {isa = PBXBuildFile; fileRef = 7B0C72441B548B03009B29A4 /* CustomCellFriend.swift */; };
		7B4D268D1B55BAE500DD86EF /* JsonResponse.swift in Sources */ = {isa = PBXBuildFile; fileRef = 7B4D268C1B55BAE500DD86EF /* JsonResponse.swift */; };
		7B6085E21B548CB0002CBD54 /* MobileCoreServices.framework in Frameworks */ = {isa = PBXBuildFile; fileRef = 7B6085E11B548CB0002CBD54 /* MobileCoreServices.framework */; };
		7B6085E41B548CB9002CBD54 /* SystemConfiguration.framework in Frameworks */ = {isa = PBXBuildFile; fileRef = 7B6085E31B548CB9002CBD54 /* SystemConfiguration.framework */; };
		7B6315581B66C9A600D13DE5 /* DispatcherClass.swift in Sources */ = {isa = PBXBuildFile; fileRef = 7B6315571B66C9A600D13DE5 /* DispatcherClass.swift */; };
		7B63155A1B66D04700D13DE5 /* PictureCloudKit.swift in Sources */ = {isa = PBXBuildFile; fileRef = 7B6315591B66D04700D13DE5 /* PictureCloudKit.swift */; };
		7B63155C1B66D07100D13DE5 /* CloudKit.framework in Frameworks */ = {isa = PBXBuildFile; fileRef = 7B63155B1B66D07100D13DE5 /* CloudKit.framework */; };
		7B6315601B66D7A400D13DE5 /* GlobalConstants.swift in Sources */ = {isa = PBXBuildFile; fileRef = 7B63155F1B66D7A400D13DE5 /* GlobalConstants.swift */; };
		7B744E8D1B548D7900D8E783 /* AudioToolbox.framework in Frameworks */ = {isa = PBXBuildFile; fileRef = 7B744E8C1B548D7900D8E783 /* AudioToolbox.framework */; };
		7B744E8F1B548D7E00D8E783 /* CoreGraphics.framework in Frameworks */ = {isa = PBXBuildFile; fileRef = 7B744E8E1B548D7E00D8E783 /* CoreGraphics.framework */; };
		7B744E911B548D8800D8E783 /* CoreLocation.framework in Frameworks */ = {isa = PBXBuildFile; fileRef = 7B744E901B548D8800D8E783 /* CoreLocation.framework */; };
		7B744E931B548D8F00D8E783 /* Foundation.framework in Frameworks */ = {isa = PBXBuildFile; fileRef = 7B744E921B548D8F00D8E783 /* Foundation.framework */; };
		7B744E951B548D9C00D8E783 /* MapKit.framework in Frameworks */ = {isa = PBXBuildFile; fileRef = 7B744E941B548D9C00D8E783 /* MapKit.framework */; };
		7B744E971B548DA000D8E783 /* QuartzCore.framework in Frameworks */ = {isa = PBXBuildFile; fileRef = 7B744E961B548DA000D8E783 /* QuartzCore.framework */; };
		7B744E991B548DA500D8E783 /* UIKit.framework in Frameworks */ = {isa = PBXBuildFile; fileRef = 7B744E981B548DA500D8E783 /* UIKit.framework */; };
		7BACDD5D1B4DB6E600AA7060 /* PermissionsResponse.swift in Sources */ = {isa = PBXBuildFile; fileRef = 7BACDD5C1B4DB6E600AA7060 /* PermissionsResponse.swift */; };
		7BE9F2A21B680FDE00AAD032 /* EventManager.swift in Sources */ = {isa = PBXBuildFile; fileRef = 7BE9F2A11B680FDE00AAD032 /* EventManager.swift */; };
		7BE9F2A41B68176D00AAD032 /* ErrorHandling.swift in Sources */ = {isa = PBXBuildFile; fileRef = 7BE9F2A31B68176D00AAD032 /* ErrorHandling.swift */; };
		7BE9F2A71B6828F900AAD032 /* IHKeyboardAvoiding.m in Sources */ = {isa = PBXBuildFile; fileRef = 7BE9F2A61B6828F900AAD032 /* IHKeyboardAvoiding.m */; };
		7BED36651B54B9430045FDB5 /* TransitionManager.swift in Sources */ = {isa = PBXBuildFile; fileRef = 7BED36641B54B9430045FDB5 /* TransitionManager.swift */; };
		D37521077EBF82FDF844268D /* libPods-MidPoint.a in Frameworks */ = {isa = PBXBuildFile; fileRef = 495E9806851C4CA17E307AF9 /* libPods-MidPoint.a */; };
		FF3692361B5FFF7E00C71BBC /* UBAView.swift in Sources */ = {isa = PBXBuildFile; fileRef = FF3692321B5FFF7E00C71BBC /* UBAView.swift */; };
		FF3692371B5FFF7E00C71BBC /* UBAButton.swift in Sources */ = {isa = PBXBuildFile; fileRef = FF3692331B5FFF7E00C71BBC /* UBAButton.swift */; };
		FF3692381B5FFF7E00C71BBC /* UBAGlueView.swift in Sources */ = {isa = PBXBuildFile; fileRef = FF3692341B5FFF7E00C71BBC /* UBAGlueView.swift */; };
		FF3692391B5FFF7E00C71BBC /* OCView.swift in Sources */ = {isa = PBXBuildFile; fileRef = FF3692351B5FFF7E00C71BBC /* OCView.swift */; };
		FF36923D1B60002600C71BBC /* FBSDKCoreKit.framework in Frameworks */ = {isa = PBXBuildFile; fileRef = FF36923A1B60002600C71BBC /* FBSDKCoreKit.framework */; };
		FF36923E1B60002600C71BBC /* FBSDKLoginKit.framework in Frameworks */ = {isa = PBXBuildFile; fileRef = FF36923B1B60002600C71BBC /* FBSDKLoginKit.framework */; };
		FF36923F1B60002600C71BBC /* FBSDKShareKit.framework in Frameworks */ = {isa = PBXBuildFile; fileRef = FF36923C1B60002600C71BBC /* FBSDKShareKit.framework */; };
		FF3692421B60012800C71BBC /* FacebookResponder.swift in Sources */ = {isa = PBXBuildFile; fileRef = FF3692411B60012800C71BBC /* FacebookResponder.swift */; };
		FF3692441B60723D00C71BBC /* FacebookUser.swift in Sources */ = {isa = PBXBuildFile; fileRef = FF3692431B60723D00C71BBC /* FacebookUser.swift */; };
		FF3692461B6296DA00C71BBC /* ETBScrollView.swift in Sources */ = {isa = PBXBuildFile; fileRef = FF3692451B6296DA00C71BBC /* ETBScrollView.swift */; };
		FF3692481B62A4DF00C71BBC /* TestVC.swift in Sources */ = {isa = PBXBuildFile; fileRef = FF3692471B62A4DF00C71BBC /* TestVC.swift */; };
		FF36924B1B66845500C71BBC /* test.png in Resources */ = {isa = PBXBuildFile; fileRef = FF36924A1B66845500C71BBC /* test.png */; };
		FFC2C6E81AF935E0004B0AA7 /* AppDelegate.swift in Sources */ = {isa = PBXBuildFile; fileRef = FFC2C6E71AF935E0004B0AA7 /* AppDelegate.swift */; };
		FFC2C6EB1AF935E0004B0AA7 /* MidPoint.xcdatamodeld in Sources */ = {isa = PBXBuildFile; fileRef = FFC2C6E91AF935E0004B0AA7 /* MidPoint.xcdatamodeld */; };
		FFC2C6ED1AF935E0004B0AA7 /* GeolocationViewController.swift in Sources */ = {isa = PBXBuildFile; fileRef = FFC2C6EC1AF935E0004B0AA7 /* GeolocationViewController.swift */; };
		FFC2C6F01AF935E0004B0AA7 /* Main.storyboard in Resources */ = {isa = PBXBuildFile; fileRef = FFC2C6EE1AF935E0004B0AA7 /* Main.storyboard */; };
		FFC2C6F21AF935E0004B0AA7 /* Images.xcassets in Resources */ = {isa = PBXBuildFile; fileRef = FFC2C6F11AF935E0004B0AA7 /* Images.xcassets */; };
		FFC2C6F51AF935E0004B0AA7 /* LaunchScreen.xib in Resources */ = {isa = PBXBuildFile; fileRef = FFC2C6F31AF935E0004B0AA7 /* LaunchScreen.xib */; };
/* End PBXBuildFile section */

/* Begin PBXFileReference section */
		3D31FD301B61FE1300C17F0F /* UserDAODefault.swift */ = {isa = PBXFileReference; fileEncoding = 4; lastKnownFileType = sourcecode.swift; path = UserDAODefault.swift; sourceTree = "<group>"; };
		3D3359E61B61A79D00F22D88 /* AmigosTableViewController.swift */ = {isa = PBXFileReference; fileEncoding = 4; lastKnownFileType = sourcecode.swift; path = AmigosTableViewController.swift; sourceTree = "<group>"; };
		3D3359E81B61B73400F22D88 /* CustomCellAmigosGrupo.swift */ = {isa = PBXFileReference; fileEncoding = 4; lastKnownFileType = sourcecode.swift; path = CustomCellAmigosGrupo.swift; sourceTree = "<group>"; };
		3D50F3761B6700700029C4B9 /* ProgressView.swift */ = {isa = PBXFileReference; fileEncoding = 4; lastKnownFileType = sourcecode.swift; path = ProgressView.swift; sourceTree = "<group>"; };
		3D6A3ABF1B57620C00E7948F /* ConversasTableViewController.swift */ = {isa = PBXFileReference; fileEncoding = 4; lastKnownFileType = sourcecode.swift; path = ConversasTableViewController.swift; sourceTree = "<group>"; };
		3D6A3AC21B576D6C00E7948F /* Conversa.swift */ = {isa = PBXFileReference; fileEncoding = 4; lastKnownFileType = sourcecode.swift; path = Conversa.swift; sourceTree = "<group>"; };
		3D6A3AC41B5771D200E7948F /* CustomCellConversas.swift */ = {isa = PBXFileReference; fileEncoding = 4; lastKnownFileType = sourcecode.swift; path = CustomCellConversas.swift; sourceTree = "<group>"; };
		3D6A3AC61B5774C400E7948F /* CreateConversationViewController.swift */ = {isa = PBXFileReference; fileEncoding = 4; lastKnownFileType = sourcecode.swift; name = CreateConversationViewController.swift; path = ../CreateConversationViewController.swift; sourceTree = "<group>"; };
		3D6FD8DA1B4A3C08008E70E9 /* b_search.png */ = {isa = PBXFileReference; lastKnownFileType = image.png; path = b_search.png; sourceTree = "<group>"; };
		3DA699EB1B6946220021FBF1 /* EventInfoViewController.swift */ = {isa = PBXFileReference; fileEncoding = 4; lastKnownFileType = sourcecode.swift; path = EventInfoViewController.swift; sourceTree = "<group>"; };
		3DA699ED1B69497D0021FBF1 /* UsersTableViewCell.swift */ = {isa = PBXFileReference; fileEncoding = 4; lastKnownFileType = sourcecode.swift; path = UsersTableViewCell.swift; sourceTree = "<group>"; };
		3DA699EF1B6951FB0021FBF1 /* EventoInfoCellCustom.swift */ = {isa = PBXFileReference; fileEncoding = 4; lastKnownFileType = sourcecode.swift; path = EventoInfoCellCustom.swift; sourceTree = "<group>"; };
		3DACDEAE1B5222E300711E25 /* Event.swift */ = {isa = PBXFileReference; fileEncoding = 4; lastKnownFileType = sourcecode.swift; path = Event.swift; sourceTree = "<group>"; };
		3DACDEB51B532B9500711E25 /* MidPoint-Bridging-Header.h */ = {isa = PBXFileReference; lastKnownFileType = sourcecode.c.h; path = "MidPoint-Bridging-Header.h"; sourceTree = "<group>"; };
		3DE926A61B5430840053B43C /* ChatViewC.swift */ = {isa = PBXFileReference; fileEncoding = 4; lastKnownFileType = sourcecode.swift; path = ChatViewC.swift; sourceTree = "<group>"; };
		3DE927E91B543FF70053B43C /* Firebase.framework */ = {isa = PBXFileReference; lastKnownFileType = wrapper.framework; path = Firebase.framework; sourceTree = "<group>"; };
		3DE928891B5443330053B43C /* libsqlite3.0.dylib */ = {isa = PBXFileReference; lastKnownFileType = "compiled.mach-o.dylib"; name = libsqlite3.0.dylib; path = usr/lib/libsqlite3.0.dylib; sourceTree = SDKROOT; };
		3DE9288B1B547DAB0053B43C /* EventoViewController.swift */ = {isa = PBXFileReference; fileEncoding = 4; lastKnownFileType = sourcecode.swift; path = EventoViewController.swift; sourceTree = "<group>"; };
		3DE9288D1B54815B0053B43C /* EventDAO.swift */ = {isa = PBXFileReference; fileEncoding = 4; lastKnownFileType = sourcecode.swift; path = EventDAO.swift; sourceTree = "<group>"; };
		3DE9288F1B5481F50053B43C /* EventDAOCloudKit.swift */ = {isa = PBXFileReference; fileEncoding = 4; lastKnownFileType = sourcecode.swift; path = EventDAOCloudKit.swift; sourceTree = "<group>"; };
		3DE928931B5599EE0053B43C /* DemoModelData.swift */ = {isa = PBXFileReference; fileEncoding = 4; lastKnownFileType = sourcecode.swift; path = DemoModelData.swift; sourceTree = "<group>"; };
		3DE928981B55CA9E0053B43C /* ProfileViewController.swift */ = {isa = PBXFileReference; fileEncoding = 4; lastKnownFileType = sourcecode.swift; path = ProfileViewController.swift; sourceTree = "<group>"; };
		3DE9289A1B55D8540053B43C /* CustomCellProfile.swift */ = {isa = PBXFileReference; fileEncoding = 4; lastKnownFileType = sourcecode.swift; path = CustomCellProfile.swift; sourceTree = "<group>"; };
		3DEE4F591B4ED86100645CA1 /* FriendViewController.swift */ = {isa = PBXFileReference; fileEncoding = 4; lastKnownFileType = sourcecode.swift; path = FriendViewController.swift; sourceTree = "<group>"; };
		3DFB8A141B4C1EE200463EA4 /* MidPoint.entitlements */ = {isa = PBXFileReference; lastKnownFileType = text.xml; path = MidPoint.entitlements; sourceTree = "<group>"; };
		3DFB8A171B4C218700463EA4 /* User.swift */ = {isa = PBXFileReference; fileEncoding = 4; lastKnownFileType = sourcecode.swift; name = User.swift; path = ../User.swift; sourceTree = "<group>"; };
		3DFB8A1A1B4C223800463EA4 /* UserDAO.swift */ = {isa = PBXFileReference; fileEncoding = 4; lastKnownFileType = sourcecode.swift; path = UserDAO.swift; sourceTree = "<group>"; };
		3DFB8A1C1B4C22DD00463EA4 /* UserDAOCloudKit.swift */ = {isa = PBXFileReference; fileEncoding = 4; lastKnownFileType = sourcecode.swift; path = UserDAOCloudKit.swift; sourceTree = "<group>"; };
		3DFB8A1E1B4C381300463EA4 /* LoginViewController.swift */ = {isa = PBXFileReference; fileEncoding = 4; lastKnownFileType = sourcecode.swift; path = LoginViewController.swift; sourceTree = "<group>"; };
		3DFB8A211B4C392500463EA4 /* RegisterViewController.swift */ = {isa = PBXFileReference; fileEncoding = 4; lastKnownFileType = sourcecode.swift; path = RegisterViewController.swift; sourceTree = "<group>"; };
		3DFB8A261B4C5B0A00463EA4 /* UserManager.swift */ = {isa = PBXFileReference; fileEncoding = 4; lastKnownFileType = sourcecode.swift; path = UserManager.swift; sourceTree = "<group>"; };
		3DFB8A2A1B4CC4A900463EA4 /* Fabric.framework */ = {isa = PBXFileReference; lastKnownFileType = wrapper.framework; path = Fabric.framework; sourceTree = "<group>"; };
		3DFB8A2B1B4CC4A900463EA4 /* TwitterKit.framework */ = {isa = PBXFileReference; lastKnownFileType = wrapper.framework; path = TwitterKit.framework; sourceTree = "<group>"; };
		3DFB8A2C1B4CC4A900463EA4 /* TwitterKitResources.bundle */ = {isa = PBXFileReference; lastKnownFileType = "wrapper.plug-in"; name = TwitterKitResources.bundle; path = TwitterKit.framework/Versions/A/Resources/TwitterKitResources.bundle; sourceTree = "<group>"; };
		3DFB8A2D1B4CC4A900463EA4 /* TwitterCore.framework */ = {isa = PBXFileReference; lastKnownFileType = wrapper.framework; path = TwitterCore.framework; sourceTree = "<group>"; };
		3DFB8A321B4CD98D00463EA4 /* teste.png */ = {isa = PBXFileReference; lastKnownFileType = image.png; path = teste.png; sourceTree = "<group>"; };
		495E9806851C4CA17E307AF9 /* libPods-MidPoint.a */ = {isa = PBXFileReference; explicitFileType = archive.ar; includeInIndex = 0; path = "libPods-MidPoint.a"; sourceTree = BUILT_PRODUCTS_DIR; };
		7B0C72441B548B03009B29A4 /* CustomCellFriend.swift */ = {isa = PBXFileReference; fileEncoding = 4; lastKnownFileType = sourcecode.swift; path = CustomCellFriend.swift; sourceTree = "<group>"; };
		7B4D268C1B55BAE500DD86EF /* JsonResponse.swift */ = {isa = PBXFileReference; fileEncoding = 4; lastKnownFileType = sourcecode.swift; path = JsonResponse.swift; sourceTree = "<group>"; };
		7B6085E11B548CB0002CBD54 /* MobileCoreServices.framework */ = {isa = PBXFileReference; lastKnownFileType = wrapper.framework; name = MobileCoreServices.framework; path = System/Library/Frameworks/MobileCoreServices.framework; sourceTree = SDKROOT; };
		7B6085E31B548CB9002CBD54 /* SystemConfiguration.framework */ = {isa = PBXFileReference; lastKnownFileType = wrapper.framework; name = SystemConfiguration.framework; path = System/Library/Frameworks/SystemConfiguration.framework; sourceTree = SDKROOT; };
		7B6315571B66C9A600D13DE5 /* DispatcherClass.swift */ = {isa = PBXFileReference; fileEncoding = 4; lastKnownFileType = sourcecode.swift; path = DispatcherClass.swift; sourceTree = "<group>"; };
		7B6315591B66D04700D13DE5 /* PictureCloudKit.swift */ = {isa = PBXFileReference; fileEncoding = 4; lastKnownFileType = sourcecode.swift; path = PictureCloudKit.swift; sourceTree = "<group>"; };
		7B63155B1B66D07100D13DE5 /* CloudKit.framework */ = {isa = PBXFileReference; lastKnownFileType = wrapper.framework; name = CloudKit.framework; path = System/Library/Frameworks/CloudKit.framework; sourceTree = SDKROOT; };
		7B63155F1B66D7A400D13DE5 /* GlobalConstants.swift */ = {isa = PBXFileReference; fileEncoding = 4; lastKnownFileType = sourcecode.swift; path = GlobalConstants.swift; sourceTree = "<group>"; };
		7B744E8C1B548D7900D8E783 /* AudioToolbox.framework */ = {isa = PBXFileReference; lastKnownFileType = wrapper.framework; name = AudioToolbox.framework; path = System/Library/Frameworks/AudioToolbox.framework; sourceTree = SDKROOT; };
		7B744E8E1B548D7E00D8E783 /* CoreGraphics.framework */ = {isa = PBXFileReference; lastKnownFileType = wrapper.framework; name = CoreGraphics.framework; path = System/Library/Frameworks/CoreGraphics.framework; sourceTree = SDKROOT; };
		7B744E901B548D8800D8E783 /* CoreLocation.framework */ = {isa = PBXFileReference; lastKnownFileType = wrapper.framework; name = CoreLocation.framework; path = System/Library/Frameworks/CoreLocation.framework; sourceTree = SDKROOT; };
		7B744E921B548D8F00D8E783 /* Foundation.framework */ = {isa = PBXFileReference; lastKnownFileType = wrapper.framework; name = Foundation.framework; path = System/Library/Frameworks/Foundation.framework; sourceTree = SDKROOT; };
		7B744E941B548D9C00D8E783 /* MapKit.framework */ = {isa = PBXFileReference; lastKnownFileType = wrapper.framework; name = MapKit.framework; path = System/Library/Frameworks/MapKit.framework; sourceTree = SDKROOT; };
		7B744E961B548DA000D8E783 /* QuartzCore.framework */ = {isa = PBXFileReference; lastKnownFileType = wrapper.framework; name = QuartzCore.framework; path = System/Library/Frameworks/QuartzCore.framework; sourceTree = SDKROOT; };
		7B744E981B548DA500D8E783 /* UIKit.framework */ = {isa = PBXFileReference; lastKnownFileType = wrapper.framework; name = UIKit.framework; path = System/Library/Frameworks/UIKit.framework; sourceTree = SDKROOT; };
		7BACDD5C1B4DB6E600AA7060 /* PermissionsResponse.swift */ = {isa = PBXFileReference; fileEncoding = 4; lastKnownFileType = sourcecode.swift; name = PermissionsResponse.swift; path = ../PermissionsResponse.swift; sourceTree = "<group>"; };
		7BE9F2A11B680FDE00AAD032 /* EventManager.swift */ = {isa = PBXFileReference; fileEncoding = 4; lastKnownFileType = sourcecode.swift; path = EventManager.swift; sourceTree = "<group>"; };
		7BE9F2A31B68176D00AAD032 /* ErrorHandling.swift */ = {isa = PBXFileReference; fileEncoding = 4; lastKnownFileType = sourcecode.swift; path = ErrorHandling.swift; sourceTree = "<group>"; };
		7BE9F2A51B6828F900AAD032 /* IHKeyboardAvoiding.h */ = {isa = PBXFileReference; fileEncoding = 4; lastKnownFileType = sourcecode.c.h; path = IHKeyboardAvoiding.h; sourceTree = "<group>"; };
		7BE9F2A61B6828F900AAD032 /* IHKeyboardAvoiding.m */ = {isa = PBXFileReference; fileEncoding = 4; lastKnownFileType = sourcecode.c.objc; path = IHKeyboardAvoiding.m; sourceTree = "<group>"; };
		7BED36641B54B9430045FDB5 /* TransitionManager.swift */ = {isa = PBXFileReference; lastKnownFileType = sourcecode.swift; path = TransitionManager.swift; sourceTree = "<group>"; };
		7BED36661B54BCC00045FDB5 /* ChatViewController.swift */ = {isa = PBXFileReference; fileEncoding = 4; lastKnownFileType = sourcecode.swift; name = ChatViewController.swift; path = ../ChatViewController.swift; sourceTree = "<group>"; };
		82AD4BA35882CD2AED834ED0 /* Pods-MidPoint.debug.xcconfig */ = {isa = PBXFileReference; includeInIndex = 1; lastKnownFileType = text.xcconfig; name = "Pods-MidPoint.debug.xcconfig"; path = "Pods/Target Support Files/Pods-MidPoint/Pods-MidPoint.debug.xcconfig"; sourceTree = "<group>"; };
		F60DBEF3DF0B78476E758D8B /* Pods-MidPoint.release.xcconfig */ = {isa = PBXFileReference; includeInIndex = 1; lastKnownFileType = text.xcconfig; name = "Pods-MidPoint.release.xcconfig"; path = "Pods/Target Support Files/Pods-MidPoint/Pods-MidPoint.release.xcconfig"; sourceTree = "<group>"; };
		FF3692321B5FFF7E00C71BBC /* UBAView.swift */ = {isa = PBXFileReference; fileEncoding = 4; lastKnownFileType = sourcecode.swift; path = UBAView.swift; sourceTree = "<group>"; };
		FF3692331B5FFF7E00C71BBC /* UBAButton.swift */ = {isa = PBXFileReference; fileEncoding = 4; lastKnownFileType = sourcecode.swift; path = UBAButton.swift; sourceTree = "<group>"; };
		FF3692341B5FFF7E00C71BBC /* UBAGlueView.swift */ = {isa = PBXFileReference; fileEncoding = 4; lastKnownFileType = sourcecode.swift; path = UBAGlueView.swift; sourceTree = "<group>"; };
		FF3692351B5FFF7E00C71BBC /* OCView.swift */ = {isa = PBXFileReference; fileEncoding = 4; lastKnownFileType = sourcecode.swift; path = OCView.swift; sourceTree = "<group>"; };
		FF36923A1B60002600C71BBC /* FBSDKCoreKit.framework */ = {isa = PBXFileReference; lastKnownFileType = wrapper.framework; path = FBSDKCoreKit.framework; sourceTree = "<group>"; };
		FF36923B1B60002600C71BBC /* FBSDKLoginKit.framework */ = {isa = PBXFileReference; lastKnownFileType = wrapper.framework; path = FBSDKLoginKit.framework; sourceTree = "<group>"; };
		FF36923C1B60002600C71BBC /* FBSDKShareKit.framework */ = {isa = PBXFileReference; lastKnownFileType = wrapper.framework; path = FBSDKShareKit.framework; sourceTree = "<group>"; };
		FF3692411B60012800C71BBC /* FacebookResponder.swift */ = {isa = PBXFileReference; fileEncoding = 4; lastKnownFileType = sourcecode.swift; path = FacebookResponder.swift; sourceTree = "<group>"; };
		FF3692431B60723D00C71BBC /* FacebookUser.swift */ = {isa = PBXFileReference; fileEncoding = 4; lastKnownFileType = sourcecode.swift; path = FacebookUser.swift; sourceTree = "<group>"; };
		FF3692451B6296DA00C71BBC /* ETBScrollView.swift */ = {isa = PBXFileReference; fileEncoding = 4; lastKnownFileType = sourcecode.swift; path = ETBScrollView.swift; sourceTree = "<group>"; };
		FF3692471B62A4DF00C71BBC /* TestVC.swift */ = {isa = PBXFileReference; fileEncoding = 4; lastKnownFileType = sourcecode.swift; path = TestVC.swift; sourceTree = "<group>"; };
		FF36924A1B66845500C71BBC /* test.png */ = {isa = PBXFileReference; lastKnownFileType = image.png; path = test.png; sourceTree = "<group>"; };
		FFC2C6E21AF935E0004B0AA7 /* MidPoint.app */ = {isa = PBXFileReference; explicitFileType = wrapper.application; includeInIndex = 0; path = MidPoint.app; sourceTree = BUILT_PRODUCTS_DIR; };
		FFC2C6E61AF935E0004B0AA7 /* Info.plist */ = {isa = PBXFileReference; lastKnownFileType = text.plist.xml; path = Info.plist; sourceTree = "<group>"; };
		FFC2C6E71AF935E0004B0AA7 /* AppDelegate.swift */ = {isa = PBXFileReference; lastKnownFileType = sourcecode.swift; path = AppDelegate.swift; sourceTree = "<group>"; };
		FFC2C6EA1AF935E0004B0AA7 /* MidPoint.xcdatamodel */ = {isa = PBXFileReference; lastKnownFileType = wrapper.xcdatamodel; path = MidPoint.xcdatamodel; sourceTree = "<group>"; };
		FFC2C6EC1AF935E0004B0AA7 /* GeolocationViewController.swift */ = {isa = PBXFileReference; lastKnownFileType = sourcecode.swift; path = GeolocationViewController.swift; sourceTree = "<group>"; };
		FFC2C6EF1AF935E0004B0AA7 /* Base */ = {isa = PBXFileReference; lastKnownFileType = file.storyboard; name = Base; path = Base.lproj/Main.storyboard; sourceTree = "<group>"; };
		FFC2C6F11AF935E0004B0AA7 /* Images.xcassets */ = {isa = PBXFileReference; lastKnownFileType = folder.assetcatalog; path = Images.xcassets; sourceTree = "<group>"; };
		FFC2C6F41AF935E0004B0AA7 /* Base */ = {isa = PBXFileReference; lastKnownFileType = file.xib; name = Base; path = Base.lproj/LaunchScreen.xib; sourceTree = "<group>"; };
		FFC2C6FF1AF935E0004B0AA7 /* Info.plist */ = {isa = PBXFileReference; lastKnownFileType = text.plist.xml; path = Info.plist; sourceTree = "<group>"; };
		FFC2C7001AF935E0004B0AA7 /* MidPointTests.swift */ = {isa = PBXFileReference; lastKnownFileType = sourcecode.swift; path = MidPointTests.swift; sourceTree = "<group>"; };
/* End PBXFileReference section */

/* Begin PBXFrameworksBuildPhase section */
		FFC2C6DF1AF935E0004B0AA7 /* Frameworks */ = {
			isa = PBXFrameworksBuildPhase;
			buildActionMask = 2147483647;
			files = (
				7B744E991B548DA500D8E783 /* UIKit.framework in Frameworks */,
				7B63155C1B66D07100D13DE5 /* CloudKit.framework in Frameworks */,
				7B744E971B548DA000D8E783 /* QuartzCore.framework in Frameworks */,
				FF36923E1B60002600C71BBC /* FBSDKLoginKit.framework in Frameworks */,
				FF36923D1B60002600C71BBC /* FBSDKCoreKit.framework in Frameworks */,
				7B744E951B548D9C00D8E783 /* MapKit.framework in Frameworks */,
				7B744E931B548D8F00D8E783 /* Foundation.framework in Frameworks */,
				7B744E911B548D8800D8E783 /* CoreLocation.framework in Frameworks */,
				7B744E8F1B548D7E00D8E783 /* CoreGraphics.framework in Frameworks */,
				7B744E8D1B548D7900D8E783 /* AudioToolbox.framework in Frameworks */,
				7B6085E41B548CB9002CBD54 /* SystemConfiguration.framework in Frameworks */,
				7B6085E21B548CB0002CBD54 /* MobileCoreServices.framework in Frameworks */,
				FF36923F1B60002600C71BBC /* FBSDKShareKit.framework in Frameworks */,
				3DE9288A1B5443330053B43C /* libsqlite3.0.dylib in Frameworks */,
				3DFB8A311B4CC4A900463EA4 /* TwitterCore.framework in Frameworks */,
				3DFB8A2E1B4CC4A900463EA4 /* Fabric.framework in Frameworks */,
				3DE927EE1B543FF70053B43C /* Firebase.framework in Frameworks */,
				3DFB8A2F1B4CC4A900463EA4 /* TwitterKit.framework in Frameworks */,
				D37521077EBF82FDF844268D /* libPods-MidPoint.a in Frameworks */,
			);
			runOnlyForDeploymentPostprocessing = 0;
		};
/* End PBXFrameworksBuildPhase section */

/* Begin PBXGroup section */
		3D6A3AC11B576C9C00E7948F /* TableViewController */ = {
			isa = PBXGroup;
			children = (
				3D6A3ABF1B57620C00E7948F /* ConversasTableViewController.swift */,
				3D3359E61B61A79D00F22D88 /* AmigosTableViewController.swift */,
			);
			name = TableViewController;
			sourceTree = "<group>";
		};
		3DACDEB01B5222E900711E25 /* Event */ = {
			isa = PBXGroup;
			children = (
				3DACDEAE1B5222E300711E25 /* Event.swift */,
				3DE9288D1B54815B0053B43C /* EventDAO.swift */,
				3DE9288F1B5481F50053B43C /* EventDAOCloudKit.swift */,
				7BE9F2A11B680FDE00AAD032 /* EventManager.swift */,
				7BE9F2A31B68176D00AAD032 /* ErrorHandling.swift */,
				7B4D268C1B55BAE500DD86EF /* JsonResponse.swift */,
			);
			name = Event;
			sourceTree = "<group>";
		};
		3DEE4F581B4ED66600645CA1 /* CustomCell */ = {
			isa = PBXGroup;
			children = (
				7B0C72441B548B03009B29A4 /* CustomCellFriend.swift */,
				3DA699ED1B69497D0021FBF1 /* UsersTableViewCell.swift */,
				3DA699EF1B6951FB0021FBF1 /* EventoInfoCellCustom.swift */,
				3D3359E81B61B73400F22D88 /* CustomCellAmigosGrupo.swift */,
				3DE9289A1B55D8540053B43C /* CustomCellProfile.swift */,
				3D6A3AC41B5771D200E7948F /* CustomCellConversas.swift */,
			);
			name = CustomCell;
			sourceTree = "<group>";
		};
		3DFB8A191B4C221100463EA4 /* DAO */ = {
			isa = PBXGroup;
			children = (
				3DFC96C21B4D722400E7041E /* Friends */,
				3DACDEB01B5222E900711E25 /* Event */,
				3DFC96C11B4D720E00E7041E /* User */,
			);
			name = DAO;
			sourceTree = "<group>";
		};
		3DFB8A201B4C383300463EA4 /* ViewControllers */ = {
			isa = PBXGroup;
			children = (
				3D6A3AC61B5774C400E7948F /* CreateConversationViewController.swift */,
				3DE928981B55CA9E0053B43C /* ProfileViewController.swift */,
				3DEE4F591B4ED86100645CA1 /* FriendViewController.swift */,
				7BED36661B54BCC00045FDB5 /* ChatViewController.swift */,
				3DA699EB1B6946220021FBF1 /* EventInfoViewController.swift */,
				3DFB8A1E1B4C381300463EA4 /* LoginViewController.swift */,
				3DFB8A211B4C392500463EA4 /* RegisterViewController.swift */,
				3DE926A61B5430840053B43C /* ChatViewC.swift */,
				FFC2C6EC1AF935E0004B0AA7 /* GeolocationViewController.swift */,
				3DE9288B1B547DAB0053B43C /* EventoViewController.swift */,
				3DFB8A321B4CD98D00463EA4 /* teste.png */,
			);
			name = ViewControllers;
			sourceTree = "<group>";
		};
		3DFB8A251B4C54C800463EA4 /* NSObject */ = {
			isa = PBXGroup;
			children = (
				7B6315571B66C9A600D13DE5 /* DispatcherClass.swift */,
				3D50F3761B6700700029C4B9 /* ProgressView.swift */,
				3D6A3AC21B576D6C00E7948F /* Conversa.swift */,
				7BACDD5C1B4DB6E600AA7060 /* PermissionsResponse.swift */,
				3DE928931B5599EE0053B43C /* DemoModelData.swift */,
			);
			name = NSObject;
			sourceTree = "<group>";
		};
		3DFC96C11B4D720E00E7041E /* User */ = {
			isa = PBXGroup;
			children = (
				3DFB8A171B4C218700463EA4 /* User.swift */,
				3D31FD301B61FE1300C17F0F /* UserDAODefault.swift */,
				3DFB8A261B4C5B0A00463EA4 /* UserManager.swift */,
				3DFB8A1A1B4C223800463EA4 /* UserDAO.swift */,
				3DFB8A1C1B4C22DD00463EA4 /* UserDAOCloudKit.swift */,
			);
			name = User;
			sourceTree = "<group>";
		};
		3DFC96C21B4D722400E7041E /* Friends */ = {
			isa = PBXGroup;
			children = (
			);
			name = Friends;
			sourceTree = "<group>";
		};
		7BE9F2A81B6828FF00AAD032 /* Objc-Files */ = {
			isa = PBXGroup;
			children = (
				7BE9F2A51B6828F900AAD032 /* IHKeyboardAvoiding.h */,
				7BE9F2A61B6828F900AAD032 /* IHKeyboardAvoiding.m */,
			);
			name = "Objc-Files";
			sourceTree = "<group>";
		};
		817B405CA456573CB0BDEE41 /* Frameworks */ = {
			isa = PBXGroup;
			children = (
				7B63155B1B66D07100D13DE5 /* CloudKit.framework */,
				FF36923A1B60002600C71BBC /* FBSDKCoreKit.framework */,
				FF36923B1B60002600C71BBC /* FBSDKLoginKit.framework */,
				FF36923C1B60002600C71BBC /* FBSDKShareKit.framework */,
				7B744E8C1B548D7900D8E783 /* AudioToolbox.framework */,
				7B744E8E1B548D7E00D8E783 /* CoreGraphics.framework */,
				7B744E901B548D8800D8E783 /* CoreLocation.framework */,
				3DFB8A2A1B4CC4A900463EA4 /* Fabric.framework */,
				3DE927E91B543FF70053B43C /* Firebase.framework */,
				7B744E921B548D8F00D8E783 /* Foundation.framework */,
				495E9806851C4CA17E307AF9 /* libPods-MidPoint.a */,
				3DE928891B5443330053B43C /* libsqlite3.0.dylib */,
				7B744E941B548D9C00D8E783 /* MapKit.framework */,
				7B6085E11B548CB0002CBD54 /* MobileCoreServices.framework */,
				7B744E961B548DA000D8E783 /* QuartzCore.framework */,
				7B6085E31B548CB9002CBD54 /* SystemConfiguration.framework */,
				3DFB8A2D1B4CC4A900463EA4 /* TwitterCore.framework */,
				3DFB8A2B1B4CC4A900463EA4 /* TwitterKit.framework */,
				3DFB8A2C1B4CC4A900463EA4 /* TwitterKitResources.bundle */,
				7B744E981B548DA500D8E783 /* UIKit.framework */,
			);
			name = Frameworks;
			sourceTree = "<group>";
		};
		8A1C0607A6C3ECDB6BF90BB6 /* Pods */ = {
			isa = PBXGroup;
			children = (
				82AD4BA35882CD2AED834ED0 /* Pods-MidPoint.debug.xcconfig */,
				F60DBEF3DF0B78476E758D8B /* Pods-MidPoint.release.xcconfig */,
			);
			name = Pods;
			sourceTree = "<group>";
		};
		FF3692311B5FFF4E00C71BBC /* Animations */ = {
			isa = PBXGroup;
			children = (
				FF3692451B6296DA00C71BBC /* ETBScrollView.swift */,
				FF3692321B5FFF7E00C71BBC /* UBAView.swift */,
				FF3692331B5FFF7E00C71BBC /* UBAButton.swift */,
				FF3692341B5FFF7E00C71BBC /* UBAGlueView.swift */,
				FF3692351B5FFF7E00C71BBC /* OCView.swift */,
				FF3692471B62A4DF00C71BBC /* TestVC.swift */,
			);
			name = Animations;
			sourceTree = "<group>";
		};
		FF3692401B6000E700C71BBC /* Social */ = {
			isa = PBXGroup;
			children = (
				FF3692411B60012800C71BBC /* FacebookResponder.swift */,
				FF3692431B60723D00C71BBC /* FacebookUser.swift */,
			);
			name = Social;
			sourceTree = "<group>";
		};
		FFC2C6D91AF935E0004B0AA7 = {
			isa = PBXGroup;
			children = (
				7B63155F1B66D7A400D13DE5 /* GlobalConstants.swift */,
				7B6315591B66D04700D13DE5 /* PictureCloudKit.swift */,
				7BED36641B54B9430045FDB5 /* TransitionManager.swift */,
				FFC2C6E41AF935E0004B0AA7 /* MidPoint */,
				FFC2C6FD1AF935E0004B0AA7 /* MidPointTests */,
				FFC2C6E31AF935E0004B0AA7 /* Products */,
				8A1C0607A6C3ECDB6BF90BB6 /* Pods */,
				7BE9F2A81B6828FF00AAD032 /* Objc-Files */,
				817B405CA456573CB0BDEE41 /* Frameworks */,
			);
			sourceTree = "<group>";
		};
		FFC2C6E31AF935E0004B0AA7 /* Products */ = {
			isa = PBXGroup;
			children = (
				FFC2C6E21AF935E0004B0AA7 /* MidPoint.app */,
			);
			name = Products;
			sourceTree = "<group>";
		};
		FFC2C6E41AF935E0004B0AA7 /* MidPoint */ = {
			isa = PBXGroup;
			children = (
				3DFB8A141B4C1EE200463EA4 /* MidPoint.entitlements */,
				FFC2C6E71AF935E0004B0AA7 /* AppDelegate.swift */,
				3DFB8A191B4C221100463EA4 /* DAO */,
				3DEE4F581B4ED66600645CA1 /* CustomCell */,
				3D6A3AC11B576C9C00E7948F /* TableViewController */,
				3DFB8A201B4C383300463EA4 /* ViewControllers */,
				3DFB8A251B4C54C800463EA4 /* NSObject */,
				FF3692311B5FFF4E00C71BBC /* Animations */,
				FF3692401B6000E700C71BBC /* Social */,
				FFC2C6EE1AF935E0004B0AA7 /* Main.storyboard */,
				FFC2C6F11AF935E0004B0AA7 /* Images.xcassets */,
				FFC2C6F31AF935E0004B0AA7 /* LaunchScreen.xib */,
				FFC2C6E91AF935E0004B0AA7 /* MidPoint.xcdatamodeld */,
				FF36924A1B66845500C71BBC /* test.png */,
				3D6FD8DA1B4A3C08008E70E9 /* b_search.png */,
				FFC2C6E51AF935E0004B0AA7 /* Supporting Files */,
				3DACDEB51B532B9500711E25 /* MidPoint-Bridging-Header.h */,
			);
			path = MidPoint;
			sourceTree = "<group>";
		};
		FFC2C6E51AF935E0004B0AA7 /* Supporting Files */ = {
			isa = PBXGroup;
			children = (
				FFC2C6E61AF935E0004B0AA7 /* Info.plist */,
			);
			name = "Supporting Files";
			sourceTree = "<group>";
		};
		FFC2C6FD1AF935E0004B0AA7 /* MidPointTests */ = {
			isa = PBXGroup;
			children = (
				FFC2C7001AF935E0004B0AA7 /* MidPointTests.swift */,
				FFC2C6FE1AF935E0004B0AA7 /* Supporting Files */,
			);
			path = MidPointTests;
			sourceTree = "<group>";
		};
		FFC2C6FE1AF935E0004B0AA7 /* Supporting Files */ = {
			isa = PBXGroup;
			children = (
				FFC2C6FF1AF935E0004B0AA7 /* Info.plist */,
			);
			name = "Supporting Files";
			sourceTree = "<group>";
		};
/* End PBXGroup section */

/* Begin PBXNativeTarget section */
		FFC2C6E11AF935E0004B0AA7 /* MidPoint */ = {
			isa = PBXNativeTarget;
			buildConfigurationList = FFC2C7041AF935E0004B0AA7 /* Build configuration list for PBXNativeTarget "MidPoint" */;
			buildPhases = (
				1B1AD89AA858C0C7F3FFC963 /* Check Pods Manifest.lock */,
				FFC2C6DE1AF935E0004B0AA7 /* Sources */,
				FFC2C6DF1AF935E0004B0AA7 /* Frameworks */,
				FFC2C6E01AF935E0004B0AA7 /* Resources */,
				3DFB8A281B4CC45700463EA4 /* ShellScript */,
				5C4617471E9B1DB4DEAEE11D /* Copy Pods Resources */,
			);
			buildRules = (
			);
			dependencies = (
			);
			name = MidPoint;
			productName = MidPoint;
			productReference = FFC2C6E21AF935E0004B0AA7 /* MidPoint.app */;
			productType = "com.apple.product-type.application";
		};
/* End PBXNativeTarget section */

/* Begin PBXProject section */
		FFC2C6DA1AF935E0004B0AA7 /* Project object */ = {
			isa = PBXProject;
			attributes = {
				LastUpgradeCheck = 0630;
				ORGANIZATIONNAME = FDJ;
				TargetAttributes = {
					FFC2C6E11AF935E0004B0AA7 = {
						CreatedOnToolsVersion = 6.3.1;
						DevelopmentTeam = 5QNPEDDWDK;
						SystemCapabilities = {
							com.apple.InAppPurchase = {
								enabled = 0;
							};
							com.apple.iCloud = {
								enabled = 1;
							};
						};
					};
				};
			};
			buildConfigurationList = FFC2C6DD1AF935E0004B0AA7 /* Build configuration list for PBXProject "MidPoint" */;
			compatibilityVersion = "Xcode 3.2";
			developmentRegion = English;
			hasScannedForEncodings = 0;
			knownRegions = (
				en,
				Base,
			);
			mainGroup = FFC2C6D91AF935E0004B0AA7;
			productRefGroup = FFC2C6E31AF935E0004B0AA7 /* Products */;
			projectDirPath = "";
			projectRoot = "";
			targets = (
				FFC2C6E11AF935E0004B0AA7 /* MidPoint */,
			);
		};
/* End PBXProject section */

/* Begin PBXResourcesBuildPhase section */
		FFC2C6E01AF935E0004B0AA7 /* Resources */ = {
			isa = PBXResourcesBuildPhase;
			buildActionMask = 2147483647;
			files = (
				FFC2C6F01AF935E0004B0AA7 /* Main.storyboard in Resources */,
				FFC2C6F51AF935E0004B0AA7 /* LaunchScreen.xib in Resources */,
				FF36924B1B66845500C71BBC /* test.png in Resources */,
				3D6FD8DB1B4A3C08008E70E9 /* b_search.png in Resources */,
				FFC2C6F21AF935E0004B0AA7 /* Images.xcassets in Resources */,
				3DFB8A301B4CC4A900463EA4 /* TwitterKitResources.bundle in Resources */,
				3DFB8A331B4CD98D00463EA4 /* teste.png in Resources */,
			);
			runOnlyForDeploymentPostprocessing = 0;
		};
/* End PBXResourcesBuildPhase section */

/* Begin PBXShellScriptBuildPhase section */
		1B1AD89AA858C0C7F3FFC963 /* Check Pods Manifest.lock */ = {
			isa = PBXShellScriptBuildPhase;
			buildActionMask = 2147483647;
			files = (
			);
			inputPaths = (
			);
			name = "Check Pods Manifest.lock";
			outputPaths = (
			);
			runOnlyForDeploymentPostprocessing = 0;
			shellPath = /bin/sh;
			shellScript = "diff \"${PODS_ROOT}/../Podfile.lock\" \"${PODS_ROOT}/Manifest.lock\" > /dev/null\nif [[ $? != 0 ]] ; then\n    cat << EOM\nerror: The sandbox is not in sync with the Podfile.lock. Run 'pod install' or update your CocoaPods installation.\nEOM\n    exit 1\nfi\n";
			showEnvVarsInLog = 0;
		};
		3DFB8A281B4CC45700463EA4 /* ShellScript */ = {
			isa = PBXShellScriptBuildPhase;
			buildActionMask = 2147483647;
			files = (
			);
			inputPaths = (
			);
			outputPaths = (
			);
			runOnlyForDeploymentPostprocessing = 0;
			shellPath = /bin/sh;
			shellScript = "./Fabric.framework/run 813ff53536bc81411bc1c3cb59f8e1a0da6f7a3d eafcd316f8a63984bc9539c82b26f429a35218fd94797109a96eddc7b5a5d346";
		};
		5C4617471E9B1DB4DEAEE11D /* Copy Pods Resources */ = {
			isa = PBXShellScriptBuildPhase;
			buildActionMask = 2147483647;
			files = (
			);
			inputPaths = (
			);
			name = "Copy Pods Resources";
			outputPaths = (
			);
			runOnlyForDeploymentPostprocessing = 0;
			shellPath = /bin/sh;
			shellScript = "\"${SRCROOT}/Pods/Target Support Files/Pods-MidPoint/Pods-MidPoint-resources.sh\"\n";
			showEnvVarsInLog = 0;
		};
/* End PBXShellScriptBuildPhase section */

/* Begin PBXSourcesBuildPhase section */
		FFC2C6DE1AF935E0004B0AA7 /* Sources */ = {
			isa = PBXSourcesBuildPhase;
			buildActionMask = 2147483647;
			files = (
				3D6A3AC01B57620C00E7948F /* ConversasTableViewController.swift in Sources */,
				3D084DD71B56CCA30032A94B /* ChatViewController.swift in Sources */,
				7BE9F2A21B680FDE00AAD032 /* EventManager.swift in Sources */,
				3DA699EC1B6946220021FBF1 /* EventInfoViewController.swift in Sources */,
				7BED36651B54B9430045FDB5 /* TransitionManager.swift in Sources */,
				FF3692461B6296DA00C71BBC /* ETBScrollView.swift in Sources */,
				7B6315601B66D7A400D13DE5 /* GlobalConstants.swift in Sources */,
				3DFB8A1F1B4C381300463EA4 /* LoginViewController.swift in Sources */,
				3DFB8A181B4C218700463EA4 /* User.swift in Sources */,
				FF3692441B60723D00C71BBC /* FacebookUser.swift in Sources */,
				FFC2C6ED1AF935E0004B0AA7 /* GeolocationViewController.swift in Sources */,
				3DFB8A221B4C392500463EA4 /* RegisterViewController.swift in Sources */,
				3DFB8A1D1B4C22DD00463EA4 /* UserDAOCloudKit.swift in Sources */,
				7BE9F2A71B6828F900AAD032 /* IHKeyboardAvoiding.m in Sources */,
				3D6A3AC71B5774C400E7948F /* CreateConversationViewController.swift in Sources */,
				FFC2C6E81AF935E0004B0AA7 /* AppDelegate.swift in Sources */,
				3DE9289B1B55D8540053B43C /* CustomCellProfile.swift in Sources */,
				7B4D268D1B55BAE500DD86EF /* JsonResponse.swift in Sources */,
				7BACDD5D1B4DB6E600AA7060 /* PermissionsResponse.swift in Sources */,
				FF3692371B5FFF7E00C71BBC /* UBAButton.swift in Sources */,
				3DE928901B5481F50053B43C /* EventDAOCloudKit.swift in Sources */,
				3D50F3771B6700700029C4B9 /* ProgressView.swift in Sources */,
				3DE9288E1B54815B0053B43C /* EventDAO.swift in Sources */,
				7B0C72451B548B03009B29A4 /* CustomCellFriend.swift in Sources */,
				3DE928941B5599EE0053B43C /* DemoModelData.swift in Sources */,
				7B6315581B66C9A600D13DE5 /* DispatcherClass.swift in Sources */,
				3D31FD311B61FE1300C17F0F /* UserDAODefault.swift in Sources */,
				FF3692391B5FFF7E00C71BBC /* OCView.swift in Sources */,
				7BE9F2A41B68176D00AAD032 /* ErrorHandling.swift in Sources */,
				FF3692381B5FFF7E00C71BBC /* UBAGlueView.swift in Sources */,
				3D3359E71B61A79D00F22D88 /* AmigosTableViewController.swift in Sources */,
				3DE9288C1B547DAB0053B43C /* EventoViewController.swift in Sources */,
				3DE926A71B5430840053B43C /* ChatViewC.swift in Sources */,
				3DFB8A1B1B4C223800463EA4 /* UserDAO.swift in Sources */,
				3D6A3AC31B576D6C00E7948F /* Conversa.swift in Sources */,
				3D3359E91B61B73400F22D88 /* CustomCellAmigosGrupo.swift in Sources */,
				3DEE4F5A1B4ED86100645CA1 /* FriendViewController.swift in Sources */,
				3D6A3AC51B5771D200E7948F /* CustomCellConversas.swift in Sources */,
				FF3692361B5FFF7E00C71BBC /* UBAView.swift in Sources */,
				3DA699EE1B69497D0021FBF1 /* UsersTableViewCell.swift in Sources */,
				7B63155A1B66D04700D13DE5 /* PictureCloudKit.swift in Sources */,
				3DACDEAF1B5222E300711E25 /* Event.swift in Sources */,
				FF3692481B62A4DF00C71BBC /* TestVC.swift in Sources */,
				3DE928991B55CA9E0053B43C /* ProfileViewController.swift in Sources */,
				3DFB8A271B4C5B0A00463EA4 /* UserManager.swift in Sources */,
				3DA699F01B6951FB0021FBF1 /* EventoInfoCellCustom.swift in Sources */,
				FF3692421B60012800C71BBC /* FacebookResponder.swift in Sources */,
				FFC2C6EB1AF935E0004B0AA7 /* MidPoint.xcdatamodeld in Sources */,
			);
			runOnlyForDeploymentPostprocessing = 0;
		};
/* End PBXSourcesBuildPhase section */

/* Begin PBXVariantGroup section */
		FFC2C6EE1AF935E0004B0AA7 /* Main.storyboard */ = {
			isa = PBXVariantGroup;
			children = (
				FFC2C6EF1AF935E0004B0AA7 /* Base */,
			);
			name = Main.storyboard;
			sourceTree = "<group>";
		};
		FFC2C6F31AF935E0004B0AA7 /* LaunchScreen.xib */ = {
			isa = PBXVariantGroup;
			children = (
				FFC2C6F41AF935E0004B0AA7 /* Base */,
			);
			name = LaunchScreen.xib;
			sourceTree = "<group>";
		};
/* End PBXVariantGroup section */

/* Begin XCBuildConfiguration section */
		FFC2C7021AF935E0004B0AA7 /* Debug */ = {
			isa = XCBuildConfiguration;
			buildSettings = {
				ALWAYS_SEARCH_USER_PATHS = NO;
				CLANG_CXX_LANGUAGE_STANDARD = "gnu++0x";
				CLANG_CXX_LIBRARY = "libc++";
				CLANG_ENABLE_MODULES = YES;
				CLANG_ENABLE_OBJC_ARC = YES;
				CLANG_WARN_BOOL_CONVERSION = YES;
				CLANG_WARN_CONSTANT_CONVERSION = YES;
				CLANG_WARN_DIRECT_OBJC_ISA_USAGE = YES_ERROR;
				CLANG_WARN_EMPTY_BODY = YES;
				CLANG_WARN_ENUM_CONVERSION = YES;
				CLANG_WARN_INT_CONVERSION = YES;
				CLANG_WARN_OBJC_ROOT_CLASS = YES_ERROR;
				CLANG_WARN_UNREACHABLE_CODE = YES;
				CLANG_WARN__DUPLICATE_METHOD_MATCH = YES;
				"CODE_SIGN_IDENTITY[sdk=iphoneos*]" = "iPhone Developer";
				COPY_PHASE_STRIP = NO;
				DEBUG_INFORMATION_FORMAT = "dwarf-with-dsym";
				ENABLE_STRICT_OBJC_MSGSEND = YES;
				GCC_C_LANGUAGE_STANDARD = gnu99;
				GCC_DYNAMIC_NO_PIC = NO;
				GCC_NO_COMMON_BLOCKS = YES;
				GCC_OPTIMIZATION_LEVEL = 0;
				GCC_PREPROCESSOR_DEFINITIONS = (
					"DEBUG=1",
					"$(inherited)",
				);
				GCC_SYMBOLS_PRIVATE_EXTERN = NO;
				GCC_WARN_64_TO_32_BIT_CONVERSION = YES;
				GCC_WARN_ABOUT_RETURN_TYPE = YES_ERROR;
				GCC_WARN_UNDECLARED_SELECTOR = YES;
				GCC_WARN_UNINITIALIZED_AUTOS = YES_AGGRESSIVE;
				GCC_WARN_UNUSED_FUNCTION = YES;
				GCC_WARN_UNUSED_VARIABLE = YES;
				IPHONEOS_DEPLOYMENT_TARGET = 8.3;
				MTL_ENABLE_DEBUG_INFO = YES;
				ONLY_ACTIVE_ARCH = YES;
				SDKROOT = iphoneos;
				SWIFT_OPTIMIZATION_LEVEL = "-Onone";
				TARGETED_DEVICE_FAMILY = "1,2";
			};
			name = Debug;
		};
		FFC2C7031AF935E0004B0AA7 /* Release */ = {
			isa = XCBuildConfiguration;
			buildSettings = {
				ALWAYS_SEARCH_USER_PATHS = NO;
				CLANG_CXX_LANGUAGE_STANDARD = "gnu++0x";
				CLANG_CXX_LIBRARY = "libc++";
				CLANG_ENABLE_MODULES = YES;
				CLANG_ENABLE_OBJC_ARC = YES;
				CLANG_WARN_BOOL_CONVERSION = YES;
				CLANG_WARN_CONSTANT_CONVERSION = YES;
				CLANG_WARN_DIRECT_OBJC_ISA_USAGE = YES_ERROR;
				CLANG_WARN_EMPTY_BODY = YES;
				CLANG_WARN_ENUM_CONVERSION = YES;
				CLANG_WARN_INT_CONVERSION = YES;
				CLANG_WARN_OBJC_ROOT_CLASS = YES_ERROR;
				CLANG_WARN_UNREACHABLE_CODE = YES;
				CLANG_WARN__DUPLICATE_METHOD_MATCH = YES;
				"CODE_SIGN_IDENTITY[sdk=iphoneos*]" = "iPhone Developer";
				COPY_PHASE_STRIP = NO;
				DEBUG_INFORMATION_FORMAT = "dwarf-with-dsym";
				ENABLE_NS_ASSERTIONS = NO;
				ENABLE_STRICT_OBJC_MSGSEND = YES;
				GCC_C_LANGUAGE_STANDARD = gnu99;
				GCC_NO_COMMON_BLOCKS = YES;
				GCC_WARN_64_TO_32_BIT_CONVERSION = YES;
				GCC_WARN_ABOUT_RETURN_TYPE = YES_ERROR;
				GCC_WARN_UNDECLARED_SELECTOR = YES;
				GCC_WARN_UNINITIALIZED_AUTOS = YES_AGGRESSIVE;
				GCC_WARN_UNUSED_FUNCTION = YES;
				GCC_WARN_UNUSED_VARIABLE = YES;
				IPHONEOS_DEPLOYMENT_TARGET = 8.3;
				MTL_ENABLE_DEBUG_INFO = NO;
				SDKROOT = iphoneos;
				TARGETED_DEVICE_FAMILY = "1,2";
				VALIDATE_PRODUCT = YES;
			};
			name = Release;
		};
		FFC2C7051AF935E0004B0AA7 /* Debug */ = {
			isa = XCBuildConfiguration;
			baseConfigurationReference = 82AD4BA35882CD2AED834ED0 /* Pods-MidPoint.debug.xcconfig */;
			buildSettings = {
				ASSETCATALOG_COMPILER_APPICON_NAME = AppIcon;
				CLANG_ENABLE_MODULES = YES;
				CODE_SIGN_ENTITLEMENTS = MidPoint/MidPoint.entitlements;
				CODE_SIGN_IDENTITY = "iPhone Developer";
				"CODE_SIGN_IDENTITY[sdk=iphoneos*]" = "iPhone Developer";
				DEFINES_MODULE = YES;
				FRAMEWORK_SEARCH_PATHS = (
					"$(inherited)",
					"$(PROJECT_DIR)",
				);
				INFOPLIST_FILE = MidPoint/Info.plist;
				LD_RUNPATH_SEARCH_PATHS = "$(inherited) @executable_path/Frameworks";
				PRODUCT_MODULE_NAME = MidPoint;
				PRODUCT_NAME = "$(TARGET_NAME)";
				PROVISIONING_PROFILE = "";
				SWIFT_OBJC_BRIDGING_HEADER = "MidPoint/MidPoint-Bridging-Header.h";
				SWIFT_OPTIMIZATION_LEVEL = "-Onone";
			};
			name = Debug;
		};
		FFC2C7061AF935E0004B0AA7 /* Release */ = {
			isa = XCBuildConfiguration;
			baseConfigurationReference = F60DBEF3DF0B78476E758D8B /* Pods-MidPoint.release.xcconfig */;
			buildSettings = {
				ASSETCATALOG_COMPILER_APPICON_NAME = AppIcon;
				CLANG_ENABLE_MODULES = YES;
				CODE_SIGN_ENTITLEMENTS = MidPoint/MidPoint.entitlements;
				CODE_SIGN_IDENTITY = "iPhone Developer";
				"CODE_SIGN_IDENTITY[sdk=iphoneos*]" = "iPhone Developer";
				DEFINES_MODULE = YES;
				FRAMEWORK_SEARCH_PATHS = (
					"$(inherited)",
					"$(PROJECT_DIR)",
				);
				INFOPLIST_FILE = MidPoint/Info.plist;
				LD_RUNPATH_SEARCH_PATHS = "$(inherited) @executable_path/Frameworks";
				PRODUCT_MODULE_NAME = MidPoint;
				PRODUCT_NAME = "$(TARGET_NAME)";
				PROVISIONING_PROFILE = "";
				SWIFT_OBJC_BRIDGING_HEADER = "MidPoint/MidPoint-Bridging-Header.h";
			};
			name = Release;
		};
/* End XCBuildConfiguration section */

/* Begin XCConfigurationList section */
		FFC2C6DD1AF935E0004B0AA7 /* Build configuration list for PBXProject "MidPoint" */ = {
			isa = XCConfigurationList;
			buildConfigurations = (
				FFC2C7021AF935E0004B0AA7 /* Debug */,
				FFC2C7031AF935E0004B0AA7 /* Release */,
			);
			defaultConfigurationIsVisible = 0;
			defaultConfigurationName = Release;
		};
		FFC2C7041AF935E0004B0AA7 /* Build configuration list for PBXNativeTarget "MidPoint" */ = {
			isa = XCConfigurationList;
			buildConfigurations = (
				FFC2C7051AF935E0004B0AA7 /* Debug */,
				FFC2C7061AF935E0004B0AA7 /* Release */,
			);
			defaultConfigurationIsVisible = 0;
			defaultConfigurationName = Release;
		};
/* End XCConfigurationList section */

/* Begin XCVersionGroup section */
		FFC2C6E91AF935E0004B0AA7 /* MidPoint.xcdatamodeld */ = {
			isa = XCVersionGroup;
			children = (
				FFC2C6EA1AF935E0004B0AA7 /* MidPoint.xcdatamodel */,
			);
			currentVersion = FFC2C6EA1AF935E0004B0AA7 /* MidPoint.xcdatamodel */;
			path = MidPoint.xcdatamodeld;
			sourceTree = "<group>";
			versionGroupType = wrapper.xcdatamodel;
		};
/* End XCVersionGroup section */
	};
	rootObject = FFC2C6DA1AF935E0004B0AA7 /* Project object */;
}
